{
    "_readme": [
        "This file locks the dependencies of your project to a known state",
        "Read more about it at http://getcomposer.org/doc/01-basic-usage.md#composer-lock-the-lock-file",
        "This file is @generated automatically"
    ],
    "hash": "30ec0d0969999bca755edf09a5bd1146",
    "packages": [
        {
            "name": "event-centric/domain-events",
            "version": "0.0.x-dev",
            "source": {
                "type": "git",
                "url": "/Users/simensen/workspaces/event-centric/domain-events",
                "reference": "master"
            },
            "type": "library",
            "autoload": {
                "psr-4": {
                    "EventCentric\\DomainEvents\\": [
                        "src/EventCentric/DomainEvents"
                    ]
                }
            },
            "time": "2014-06-25 14:39:57"
        },
        {
            "name": "event-centric/when",
            "version": "dev-master",
            "source": {
                "type": "git",
                "url": "/Users/simensen/workspaces/event-centric/when",
                "reference": "510dfb3dd973a71b4be9f6d1a582c2deb3b2bc98"
            },
            "require": {
                "event-centric/domain-events": "~0.0@dev",
                "mathiasverraes/classfunctions": "1.*",
                "php": ">=5.5"
            },
            "type": "library",
            "extra": {
                "branch-alias": {
                    "dev-master": "0.0.x-dev"
                }
            },
            "autoload": {
                "psr-4": {
                    "EventCentric\\When\\": [
                        "src/EventCentric/When"
                    ]
                }
            },
            "autoload-dev": {
                "psr-4": {
                    "EventCentric\\When\\": [
                        "tests/EventCentric/When"
                    ]
                }
            },
            "license": [
                "MIT"
            ],
            "authors": [
                {
                    "name": "Mathias Verraes",
                    "email": "mathias@verraes.net",
                    "homepage": "http://verraes.net"
                }
            ],
            "description": "Delegate Domain Events to event-specific methods",
            "homepage": "https://github.com/event-centric/when",
            "keywords": [
                "cqrs",
                "ddd",
                "domain-driven design",
                "event sourcing",
                "reactive"
            ],
            "time": "2014-07-08 12:15:13"
        },
        {
            "name": "mathiasverraes/classfunctions",
            "version": "1.0.1",
            "source": {
                "type": "git",
                "url": "https://github.com/mathiasverraes/classfunctions.git",
                "reference": "48e200ad665049acebf29310066e054baafdf3ce"
            },
            "dist": {
                "type": "zip",
                "url": "https://api.github.com/repos/mathiasverraes/classfunctions/zipball/48e200ad665049acebf29310066e054baafdf3ce",
                "reference": "48e200ad665049acebf29310066e054baafdf3ce",
                "shasum": ""
            },
            "require": {
                "php": ">=5.4"
            },
            "require-dev": {
                "phpunit/phpunit": "*"
            },
            "type": "library",
            "extra": {
                "branch-alias": {
                    "dev-master": "1.0-dev"
                }
            },
            "autoload": {
                "psr-0": {
                    "Verraes": "src"
                }
            },
            "notification-url": "https://packagist.org/downloads/",
            "license": [
                "MIT"
            ],
            "authors": [
                {
                    "name": "Mathias Verraes",
                    "email": "mathias@verraes.net",
                    "homepage": "http://verraes.net",
                    "role": "Developer"
                }
            ],
            "description": "Functions to manipulate class names",
            "homepage": "http://verraes.net",
            "keywords": [
                "classes",
                "utilities"
            ],
            "time": "2014-02-06 22:47:35"
        }
    ],
    "packages-dev": [

    ],
    "aliases": [

    ],
    "minimum-stability": "stable",
    "stability-flags": {
        "event-centric/domain-events": 20,
        "event-centric/when": 20
    },
    "platform": {
        "php": ">=5.5"
    },
    "platform-dev": [

    ]
}
